{
  "name": "zephyr",
  "lockfileVersion": 3,
  "requires": true,
  "packages": {
    "": {
      "dependencies": {
        "dts-linter": "^0.3.0-beta2"
      }
    },
    "node_modules/devicetree-language-server": {
      "version": "0.5.2",
      "resolved": "https://registry.npmjs.org/devicetree-language-server/-/devicetree-language-server-0.5.2.tgz",
      "integrity": "sha512-zg1+ky82g5LOw+gmY6kKP2TLMko72tD1ln195HJnZx8WSk1Qi+oCvcvUzoVPQDJrUs8QNaSbp7+tmhHf85Lsuw==",
      "license": "Apache-2.0",
      "bin": {
        "devicetree-language-server": "dist/server.js"
      },
      "engines": {
        "node": ">=16"
      }
    },
    "node_modules/dts-linter": {
      "version": "0.3.0-beta2",
      "resolved": "https://registry.npmjs.org/dts-linter/-/dts-linter-0.3.0-beta2.tgz",
      "integrity": "sha512-1jPGqk+d8+pDlpn+xRx/isDulDIe6ZxK77h2eZ0dem9xya154+WnUmoofquznvjCJOhYYZHPT6ThIP/EsC2kSQ==",
      "license": "Apache-2.0",
      "dependencies": {
        "devicetree-language-server": "^0.5.2"
      },
      "bin": {
        "dts-linter": "dist/dts-linter.js"
      }
    }
  }
}
