{
  "name": "zephyr",
  "lockfileVersion": 3,
  "requires": true,
  "packages": {
    "": {
      "dependencies": {
        "dts-linter": "^0.3.2"
      }
    },
    "node_modules/devicetree-language-server": {
      "version": "0.6.3",
      "resolved": "https://registry.npmjs.org/devicetree-language-server/-/devicetree-language-server-0.6.3.tgz",
      "integrity": "sha512-mvZC217Cq+WmqB51dk5+4slI3obcUgzaHBxroCkAR4clmiC0+PYi8hnY1PWB+HekOT2pWIDHT3/tCAfq31aK7Q==",
      "license": "Apache-2.0",
      "bin": {
        "devicetree-language-server": "dist/server.js"
      },
      "engines": {
        "node": ">=16"
      }
    },
    "node_modules/dts-linter": {
      "version": "0.3.2",
      "resolved": "https://registry.npmjs.org/dts-linter/-/dts-linter-0.3.2.tgz",
      "integrity": "sha512-IXvPQhRuAGZ78mKn13fRfUoVhjbPiBqmy3NoVqPsFuW/0ZTbiPInBbiMxNB8dN5PImDja3Q8I2V3GG/RJNPdOg==",
      "license": "Apache-2.0",
      "dependencies": {
        "devicetree-language-server": "^0.6.3"
      },
      "bin": {
        "dts-linter": "dist/dts-linter.js"
      }
    }
  }
}
