{
  "name": "zephyr",
  "lockfileVersion": 3,
  "requires": true,
  "packages": {
    "": {
      "dependencies": {
        "dts-linter": "^0.3.3"
      }
    },
    "node_modules/devicetree-language-server": {
      "version": "0.6.4",
      "resolved": "https://registry.npmjs.org/devicetree-language-server/-/devicetree-language-server-0.6.4.tgz",
      "integrity": "sha512-BSl2xKSka+/SJP0N7hjh480z6vuv51u85cCYBL/BawdeYAUBqtRHMZnAkZaDZtc8TKNcffA/4tfk9yyQZOQ6YA==",
      "license": "Apache-2.0",
      "bin": {
        "devicetree-language-server": "dist/server.js"
      },
      "engines": {
        "node": ">=16"
      }
    },
    "node_modules/dts-linter": {
      "version": "0.3.3",
      "resolved": "https://registry.npmjs.org/dts-linter/-/dts-linter-0.3.3.tgz",
      "integrity": "sha512-kOX5XXc/XUFw14BA7ihD8KFJWAwHwBnTz/zZQF4nAg/OhhLQ9noKpKbJ9rmtkWNGVeamFWEHVnbN/5fBf67gUw==",
      "license": "Apache-2.0",
      "dependencies": {
        "devicetree-language-server": "^0.6.4"
      },
      "bin": {
        "dts-linter": "dist/dts-linter.js"
      }
    }
  }
}
