#
# Copyright (c) 2017, b0661n0e17e@gmail.com
#
# SPDX-License-Identifier: Apache-2.0
#
---
title: Simple fixed-rate clock sources.
type: fixed-clock
version: 0.1

description: >
    Binding for simple fixed-rate clock sources.

inherits:
    !include clock-provider.yaml

properties:
    compatible:
      constraint: "fixed-clock"

    "#clock-cells":
      constraint: 0

    clock-frequency:
      type: int
      category: required
      description: Frequency of clock in Hz. Should be a single cell.
      generation: define

    clock-accuracy:
      type: int
      category: optional
      description: Accuracy of clock in ppb (parts per billion). Should be a single cell.
      generation: define

    oscillator:
      type: int
      category: optional
      description: clock is an oszillator (a quartz)
      generation: define

    pinctrl-\d+:
      type: array
      category: optional
      description: pinmux information for clock IN, OUT
      generation: define

    pinctrl-names:
      type: array
      description: names to assign to states
      category: required
...
