{
  "name": "ci",
  "lockfileVersion": 3,
  "requires": true,
  "packages": {
    "": {
      "dependencies": {
        "dts-linter": "^0.3.7-hotfix2"
      }
    },
    "node_modules/devicetree-language-server": {
      "version": "0.7.2-hotfix1",
      "resolved": "https://registry.npmjs.org/devicetree-language-server/-/devicetree-language-server-0.7.2-hotfix1.tgz",
      "integrity": "sha512-46UFopMrfO5sNEPZSqCmWfkwVRn370roIUt3W99KwLpF/4rEt2FOxFtp/uZ+T+h09HLx013L3h7jTKnMtTLU4g==",
      "license": "Apache-2.0",
      "bin": {
        "devicetree-language-server": "dist/server.js"
      },
      "engines": {
        "node": ">=16"
      }
    },
    "node_modules/dts-linter": {
      "version": "0.3.7-hotfix2",
      "resolved": "https://registry.npmjs.org/dts-linter/-/dts-linter-0.3.7-hotfix2.tgz",
      "integrity": "sha512-pFR/Zpwsh8djV9Gd9sO8mSvTwOpW3Y4DRKD+Y4Scka+KXVYQQB8Z1uGxNFMjMQVdg9plwYUSLLt9//QkN48ulw==",
      "license": "Apache-2.0",
      "dependencies": {
        "devicetree-language-server": "0.7.2-hotfix1"
      },
      "bin": {
        "dts-linter": "dist/dts-linter.js"
      }
    }
  }
}
