{
  "name": "ci",
  "lockfileVersion": 3,
  "requires": true,
  "packages": {
    "": {
      "dependencies": {
        "dts-linter": "^0.3.6"
      }
    },
    "node_modules/devicetree-language-server": {
      "version": "0.6.7",
      "resolved": "https://registry.npmjs.org/devicetree-language-server/-/devicetree-language-server-0.6.7.tgz",
      "integrity": "sha512-ov/f8B8WcKAgOR4TVmr3cgH5KWsrmFnHZJL4Zha6x7b7gpux9eXWWAg/XsgE0Aifexu8ht0txy1us7/IiUs/dg==",
      "license": "Apache-2.0",
      "bin": {
        "devicetree-language-server": "dist/server.js"
      },
      "engines": {
        "node": ">=16"
      }
    },
    "node_modules/dts-linter": {
      "version": "0.3.6",
      "resolved": "https://registry.npmjs.org/dts-linter/-/dts-linter-0.3.6.tgz",
      "integrity": "sha512-MG7r0hWOcmhue4k0oSd0+/mNC9nNnpdRKfW4EhQevOd1apHUhmTW4SsI6Um5zfVP1fNpy95IpBS0/dja9UYCXw==",
      "license": "Apache-2.0",
      "dependencies": {
        "devicetree-language-server": "^0.6.7"
      },
      "bin": {
        "dts-linter": "dist/dts-linter.js"
      }
    }
  }
}
