{
  "name": "ci",
  "lockfileVersion": 3,
  "requires": true,
  "packages": {
    "": {
      "dependencies": {
        "dts-linter": "^0.3.11-beta2"
      }
    },
    "node_modules/devicetree-language-server": {
      "version": "0.8.0-beta3",
      "resolved": "https://registry.npmjs.org/devicetree-language-server/-/devicetree-language-server-0.8.0-beta3.tgz",
      "integrity": "sha512-MjdjMBcW8TTGxpN41gFhTpMIok6wLkzulzDH/WyMo0AWQU48Z587PhXc5eRAMLu6UdEAJPVPSqxP2jNg2uRQdQ==",
      "license": "Apache-2.0",
      "bin": {
        "devicetree-language-server": "dist/server.js"
      },
      "engines": {
        "node": ">=16"
      }
    },
    "node_modules/dts-linter": {
      "version": "0.3.11-beta2",
      "resolved": "https://registry.npmjs.org/dts-linter/-/dts-linter-0.3.11-beta2.tgz",
      "integrity": "sha512-oRNMPO90vlNsDQd56KKjiqXll8VgTEZmBRMcwsCvKwIas4OckBOE3inHw1mnh6rnZqIjSQ0qBbx5wOM9updWFA==",
      "license": "Apache-2.0",
      "dependencies": {
        "devicetree-language-server": "^0.8.0-beta3"
      },
      "bin": {
        "dts-linter": "dist/dts-linter.js"
      }
    }
  }
}
