# Copyright (c) 2019 Derek Hageman <hageman@inthat.cloud>
# SPDX-License-Identifier: Apache-2.0

title: Generic fixed rate clock provider

description: |
    This is a representation of a generic fixed rate clock provider.

compatible: "fixed-clock"

include: clock-controller.yaml

properties:
    label:
      type: string
      required: false
      description: Human readable string describing the device (used by Zephyr for API name)

    clock-frequency:
      type: int
      description: output clock frequency (Hz)
      required: true

    clocks:
      type: array
      required: false
      description: input clock source

    "#clock-cells":
      const: 0
