# Copyright (c) 2021 Prevas A/S
# SPDX-License-Identifier: Apache-2.0

description: Generic fixed factor clock provider

compatible: "fixed-factor-clock"

include: clock-controller.yaml

properties:
  clock-div:
    type: int
    description: fixed clock divider

  clock-mult:
    type: int
    description: fixed clock multiplier

  clocks:
    type: phandle-array
    description: input clock source

  "#clock-cells":
    const: 0
