# Copyright (c) 2025 Cypress Semiconductor Corporation (an Infineon company) or
# an affiliate of Cypress Semiconductor Corporation
#
# SPDX-License-Identifier: Apache-2.0

description: Generic fixed-rate clock provider

compatible: "infineon,fixed-clock"

include: [base.yaml, clock-controller.yaml]

properties:
  clock-frequency:
    type: int
    description: output clock frequency (Hz)
    required: true

  clock-block:
    type: int
    description: Clock HW block number (refer to ifx_cat1_clock_block in clock_control_ifx_cat1.h)
    required: true

  clock-instance:
    type: int
    description: TEMP
    required: true

  "#clock-cells":
    const: 0
