# Copyright (c) 2025 Linumiz GmbH 
#
# SPDX-License-Identifier: Apache-2.0

description: Infineon CAT1 High Frequency Clock Driver

compatible: "infineon,cat1-hf-clock"

include: [base.yaml, clock-controller.yaml]

properties:
  clocks:
    required: true
    description: HF CLock source

  divider:
    type: int
    description: Divider for High Frequency Clock 
    default: 1
    enum: [0, 1, 2, 4, 8]
  
  "#clock-cells":
    const: 0
