#
# Copyright (c) 2018 Nordic Semiconductor ASA
#
# SPDX-License-Identifier: Apache-2.0
#

title: Nordic nRF clock control
version: 0.1

description: >
    This is a representation of the Nordic nRF clock control node

inherits:
    !include base.yaml

properties:
    compatible:
      constraint: "nordic,nrf-clock"

    label:
      category: required

    reg:
      category: required

    interrupts:
      category: required
