# Copyright (c) 2024 Renesas Electronics Corporation
# SPDX-License-Identifier: Apache-2.0

description: Renesas RA8 Clock Generation Circuit external clock configuration

compatible: "renesas,ra8-cgc-external-clock"

include: [fixed-clock.yaml, base.yaml]

properties:
  mosel:
    type: int
    default: 0
    enum:
      - 0
      - 1
    description: |
      Choose the way for external Clock Oscillator supply
      0: Resonator
      1: External clock input
