# Copyright (c) 2024 Silicon Laboratories Inc.
# SPDX-License-Identifier: Apache-2.0

description: Silicon Labs Series 2+ clock control node

compatible: "silabs,series-clock"

include: [clock-controller.yaml, base.yaml]

properties:
  reg:
    required: true

  "#clock-cells":
    const: 2

clock-cells:
  - enable
  - branch
