# Copyright (c) 2025 Sequans Communications
# SPDX-License-Identifier: Apache-2.0

description: SQN Hardware spinlocks

compatible: "sqn,hwspinlock"

include: [base.yaml, hwspinlock-controller.yaml]

properties:
  reg:
    required: true

  num-locks:
    type: int
    required: true

hwlock-cells:
  - id
