# Copyright (c) 2025 Sequans Communications
# SPDX-License-Identifier: Apache-2.0

description: SQN Hardware spinlocks

compatible: "sqn,hwspinlock"

include: [base.yaml, hwspinlock-controller.yaml]

properties:
  reg:
    required: true

  num-locks:
    type: int
    required: true

  reg-width:
    type: int
    enum:
      - 1
      - 2
      - 4
    required: true
    description: |
      Register width for a single spinlock in bytes.
      Depending on the platform, the register used to write the cluster identifier
      may vary in size.
        - 1: cluster id register fit in a single byte
        - 2: cluster id register span across 2 bytes
        - 4: cluster id register span across 4 bytes

hwlock-cells:
  - id
